
Microsoft Visual Studio Solution File, Format Version 12.00
# Visual Studio Version 17
VisualStudioVersion = 17.8.34511.84
MinimumVisualStudioVersion = 10.0.40219.1
Project("{FAE04EC0-301F-11D3-BF4B-00C04F79EFBC}") = "RunGroopWebApp", "RunGroopWebApp\RunGroopWebApp.csproj", "{129ED415-CF56-4AFB-8FE1-BF9BFE0360AD}"
EndProject
Global
	GlobalSection(SolutionConfigurationPlatforms) = preSolution
		Debug|Any CPU = Debug|Any CPU
		Release|Any CPU = Release|Any CPU
	EndGlobalSection
	GlobalSection(ProjectConfigurationPlatforms) = postSolution
		{129ED415-CF56-4AFB-8FE1-BF9BFE0360AD}.Debug|Any CPU.ActiveCfg = Debug|Any CPU
		{129ED415-CF56-4AFB-8FE1-BF9BFE0360AD}.Debug|Any CPU.Build.0 = Debug|Any CPU
		{129ED415-CF56-4AFB-8FE1-BF9BFE0360AD}.Release|Any CPU.ActiveCfg = Release|Any CPU
		{129ED415-CF56-4AFB-8FE1-BF9BFE0360AD}.Release|Any CPU.Build.0 = Release|Any CPU
	EndGlobalSection
	GlobalSection(SolutionProperties) = preSolution
		HideSolutionNode = FALSE
	EndGlobalSection
	GlobalSection(ExtensibilityGlobals) = postSolution
		SolutionGuid = {6B8BCB25-0E61-4827-8FA4-B3EE06235BF8}
	EndGlobalSection
EndGlobal
